// !$*UTF8*$!
{
	archiveVersion = 1;
	classes = {
	};
	objectVersion = 46;
	objects = {

/* Begin PBXBuildFile section */
		63B76B72196432950025009D /* md5.m in Sources */ = {isa = PBXBuildFile; fileRef = 63B76B71196432950025009D /* md5.m */; };
		63BF8C6F195D553600E703D2 /* Foundation.framework in Frameworks */ = {isa = PBXBuildFile; fileRef = 63BF8C6E195D553600E703D2 /* Foundation.framework */; };
		63BF8C71195D553600E703D2 /* CoreGraphics.framework in Frameworks */ = {isa = PBXBuildFile; fileRef = 63BF8C70195D553600E703D2 /* CoreGraphics.framework */; };
		63BF8C73195D553600E703D2 /* UIKit.framework in Frameworks */ = {isa = PBXBuildFile; fileRef = 63BF8C72195D553600E703D2 /* UIKit.framework */; };
		63EF8B5919614F2D0053E7BE /* InfoPlist.strings in Resources */ = {isa = PBXBuildFile; fileRef = 63EF8AAB19614F2D0053E7BE /* InfoPlist.strings */; };
		63EF8B5A19614F2D0053E7BE /* Images.xcassets in Resources */ = {isa = PBXBuildFile; fileRef = 63EF8AAD19614F2D0053E7BE /* Images.xcassets */; };
		63EF8B5B19614F2D0053E7BE /* Lyt.m in Sources */ = {isa = PBXBuildFile; fileRef = 63EF8AB019614F2D0053E7BE /* Lyt.m */; };
		63EF8B6619614F2D0053E7BE /* NSString+Validator.m in Sources */ = {isa = PBXBuildFile; fileRef = 63EF8AC819614F2D0053E7BE /* NSString+Validator.m */; };
		63EF8B7D19614F2D0053E7BE /* PHAppDelegate.m in Sources */ = {isa = PBXBuildFile; fileRef = 63EF8AF919614F2D0053E7BE /* PHAppDelegate.m */; };
		63EF8BA6196156E40053E7BE /* main.m in Sources */ = {isa = PBXBuildFile; fileRef = 63EF8BA4196156E40053E7BE /* main.m */; };
		63EF8BBD19615CCE0053E7BE /* NSDate+Compare.m in Sources */ = {isa = PBXBuildFile; fileRef = 63EF8BAA19615CCE0053E7BE /* NSDate+Compare.m */; };
		63EF8BBE19615CCE0053E7BE /* NSDate+Components.m in Sources */ = {isa = PBXBuildFile; fileRef = 63EF8BAC19615CCE0053E7BE /* NSDate+Components.m */; };
		63EF8BBF19615CCE0053E7BE /* NSDate+CupertinoYankee.m in Sources */ = {isa = PBXBuildFile; fileRef = 63EF8BAE19615CCE0053E7BE /* NSDate+CupertinoYankee.m */; };
		63EF8BC019615CCE0053E7BE /* NSDate+DateTime.m in Sources */ = {isa = PBXBuildFile; fileRef = 63EF8BB019615CCE0053E7BE /* NSDate+DateTime.m */; };
		63EF8BC119615CCE0053E7BE /* NSDate+Day.m in Sources */ = {isa = PBXBuildFile; fileRef = 63EF8BB219615CCE0053E7BE /* NSDate+Day.m */; };
		63EF8BC219615CCE0053E7BE /* NSDate+Month.m in Sources */ = {isa = PBXBuildFile; fileRef = 63EF8BB419615CCE0053E7BE /* NSDate+Month.m */; };
		63EF8BC319615CCE0053E7BE /* NSDate+Time.m in Sources */ = {isa = PBXBuildFile; fileRef = 63EF8BB619615CCE0053E7BE /* NSDate+Time.m */; };
		63EF8BC419615CCE0053E7BE /* NSDate+Week.m in Sources */ = {isa = PBXBuildFile; fileRef = 63EF8BB819615CCE0053E7BE /* NSDate+Week.m */; };
		63EF8BC519615CCE0053E7BE /* NSDate+Year.m in Sources */ = {isa = PBXBuildFile; fileRef = 63EF8BBA19615CCE0053E7BE /* NSDate+Year.m */; };
		63EF8BC619615CCE0053E7BE /* NSDateX.m in Sources */ = {isa = PBXBuildFile; fileRef = 63EF8BBC19615CCE0053E7BE /* NSDateX.m */; };
		63EF8BD119615CF10053E7BE /* NSString+Encode.m in Sources */ = {isa = PBXBuildFile; fileRef = 63EF8BCE19615CF10053E7BE /* NSString+Encode.m */; };
		63EF8BD219615CF10053E7BE /* NSStringX.m in Sources */ = {isa = PBXBuildFile; fileRef = 63EF8BD019615CF10053E7BE /* NSStringX.m */; };
		63EF8BD819615E090053E7BE /* NSString+Color.m in Sources */ = {isa = PBXBuildFile; fileRef = 63EF8BD719615E090053E7BE /* NSString+Color.m */; };
		63EF8BDC19615E910053E7BE /* MKMapViewX.m in Sources */ = {isa = PBXBuildFile; fileRef = 63EF8BDB19615E910053E7BE /* MKMapViewX.m */; };
		63EF8BE019615ECB0053E7BE /* NSDictionaryX.m in Sources */ = {isa = PBXBuildFile; fileRef = 63EF8BDF19615ECB0053E7BE /* NSDictionaryX.m */; };
		63EF8BE419615F3B0053E7BE /* NSExceptionX.m in Sources */ = {isa = PBXBuildFile; fileRef = 63EF8BE319615F3B0053E7BE /* NSExceptionX.m */; };
		63EF8BE819615FD70053E7BE /* NSFileManagerX.m in Sources */ = {isa = PBXBuildFile; fileRef = 63EF8BE719615FD70053E7BE /* NSFileManagerX.m */; };
		63EF8BEC1961605D0053E7BE /* NSManagedObjectContextX.m in Sources */ = {isa = PBXBuildFile; fileRef = 63EF8BEB1961605D0053E7BE /* NSManagedObjectContextX.m */; };
		63EF8BF01961609C0053E7BE /* NSMutableArrayX.m in Sources */ = {isa = PBXBuildFile; fileRef = 63EF8BEF1961609C0053E7BE /* NSMutableArrayX.m */; };
		63EF8C00196161280053E7BE /* MTKObserver.m in Sources */ = {isa = PBXBuildFile; fileRef = 63EF8BF5196161280053E7BE /* MTKObserver.m */; };
		63EF8C01196161280053E7BE /* NSObject+MTKObserving.m in Sources */ = {isa = PBXBuildFile; fileRef = 63EF8BF9196161280053E7BE /* NSObject+MTKObserving.m */; };
		63EF8C02196161280053E7BE /* NSObject+SHObjectUserInfo.m in Sources */ = {isa = PBXBuildFile; fileRef = 63EF8BFB196161280053E7BE /* NSObject+SHObjectUserInfo.m */; };
		63EF8C03196161280053E7BE /* NSObjectX.m in Sources */ = {isa = PBXBuildFile; fileRef = 63EF8BFD196161280053E7BE /* NSObjectX.m */; };
		63EF8C071961616D0053E7BE /* NSSetX.m in Sources */ = {isa = PBXBuildFile; fileRef = 63EF8C061961616D0053E7BE /* NSSetX.m */; };
		63EF8C0B196161AE0053E7BE /* NSURLX.m in Sources */ = {isa = PBXBuildFile; fileRef = 63EF8C0A196161AE0053E7BE /* NSURLX.m */; };
		63EF8C0F196161F10053E7BE /* NSUUIDX.m in Sources */ = {isa = PBXBuildFile; fileRef = 63EF8C0E196161F10053E7BE /* NSUUIDX.m */; };
		63EF8C18196162830053E7BE /* UIAlertView+Blocks.m in Sources */ = {isa = PBXBuildFile; fileRef = 63EF8C13196162830053E7BE /* UIAlertView+Blocks.m */; };
		63EF8C19196162830053E7BE /* UIAlertView+SHAlertViewBlocks.m in Sources */ = {isa = PBXBuildFile; fileRef = 63EF8C15196162830053E7BE /* UIAlertView+SHAlertViewBlocks.m */; };
		63EF8C1A196162830053E7BE /* UIAlertViewX.m in Sources */ = {isa = PBXBuildFile; fileRef = 63EF8C17196162830053E7BE /* UIAlertViewX.m */; };
		63EF8C1E196162C20053E7BE /* UIApplicationX.m in Sources */ = {isa = PBXBuildFile; fileRef = 63EF8C1D196162C20053E7BE /* UIApplicationX.m */; };
		63EF8C2A196163060053E7BE /* UIColor+Components.m in Sources */ = {isa = PBXBuildFile; fileRef = 63EF8C21196163060053E7BE /* UIColor+Components.m */; };
		63EF8C2B196163060053E7BE /* UIColor+Hex.m in Sources */ = {isa = PBXBuildFile; fileRef = 63EF8C23196163060053E7BE /* UIColor+Hex.m */; };
		63EF8C2C196163060053E7BE /* UIColor+Modify.m in Sources */ = {isa = PBXBuildFile; fileRef = 63EF8C25196163060053E7BE /* UIColor+Modify.m */; };
		63EF8C2D196163060053E7BE /* UIColorX.m in Sources */ = {isa = PBXBuildFile; fileRef = 63EF8C27196163060053E7BE /* UIColorX.m */; };
		63EF8C32196163AB0053E7BE /* UIDeviceX.m in Sources */ = {isa = PBXBuildFile; fileRef = 63EF8C31196163AB0053E7BE /* UIDeviceX.m */; };
		63EF8C421961643B0053E7BE /* UIImage+AnimatedGIF.m in Sources */ = {isa = PBXBuildFile; fileRef = 63EF8C351961643B0053E7BE /* UIImage+AnimatedGIF.m */; };
		63EF8C431961643B0053E7BE /* UIImage+Extension.m in Sources */ = {isa = PBXBuildFile; fileRef = 63EF8C371961643B0053E7BE /* UIImage+Extension.m */; };
		63EF8C441961643B0053E7BE /* UIImage+ImageEffects.m in Sources */ = {isa = PBXBuildFile; fileRef = 63EF8C391961643B0053E7BE /* UIImage+ImageEffects.m */; };
		63EF8C451961643B0053E7BE /* UIImage+ImageWithColor.m in Sources */ = {isa = PBXBuildFile; fileRef = 63EF8C3B1961643B0053E7BE /* UIImage+ImageWithColor.m */; };
		63EF8C461961643B0053E7BE /* UIImage+Scale.m in Sources */ = {isa = PBXBuildFile; fileRef = 63EF8C3D1961643B0053E7BE /* UIImage+Scale.m */; };
		63EF8C471961643B0053E7BE /* UIImage+UIColor.m in Sources */ = {isa = PBXBuildFile; fileRef = 63EF8C3F1961643B0053E7BE /* UIImage+UIColor.m */; };
		63EF8C481961643B0053E7BE /* UIImageX.m in Sources */ = {isa = PBXBuildFile; fileRef = 63EF8C411961643B0053E7BE /* UIImageX.m */; };
		63EF8C4F196164C10053E7BE /* UITabBarController+SHTabBarControllerBlocks.m in Sources */ = {isa = PBXBuildFile; fileRef = 63EF8C4C196164C10053E7BE /* UITabBarController+SHTabBarControllerBlocks.m */; };
		63EF8C50196164C10053E7BE /* UITabBarControllerX.m in Sources */ = {isa = PBXBuildFile; fileRef = 63EF8C4E196164C10053E7BE /* UITabBarControllerX.m */; };
		63EF8C58196165320053E7BE /* UIView+AnimationExtensions.m in Sources */ = {isa = PBXBuildFile; fileRef = 63EF8C53196165320053E7BE /* UIView+AnimationExtensions.m */; };
		63EF8C59196165320053E7BE /* UIView+Geometry.m in Sources */ = {isa = PBXBuildFile; fileRef = 63EF8C55196165320053E7BE /* UIView+Geometry.m */; };
		63EF8C5A196165320053E7BE /* UIViewX.m in Sources */ = {isa = PBXBuildFile; fileRef = 63EF8C57196165320053E7BE /* UIViewX.m */; };
		63EF8C61196168C10053E7BE /* UIActionSheet+Blocks.m in Sources */ = {isa = PBXBuildFile; fileRef = 63EF8C5E196168C10053E7BE /* UIActionSheet+Blocks.m */; };
		63EF8C62196168C10053E7BE /* UIActionSheet+SHActionSheetBlocks.m in Sources */ = {isa = PBXBuildFile; fileRef = 63EF8C60196168C10053E7BE /* UIActionSheet+SHActionSheetBlocks.m */; };
		63EF8C67196168F10053E7BE /* UIBarButtonItem+SHBarButtonItemBlocks.m in Sources */ = {isa = PBXBuildFile; fileRef = 63EF8C66196168F10053E7BE /* UIBarButtonItem+SHBarButtonItemBlocks.m */; };
		63EF8C6C1961692D0053E7BE /* UIControl+SHControlBlocks.m in Sources */ = {isa = PBXBuildFile; fileRef = 63EF8C6B1961692D0053E7BE /* UIControl+SHControlBlocks.m */; };
		63EF8C71196169660053E7BE /* UIGestureRecognizer+SHGestureRecognizerBlocks.m in Sources */ = {isa = PBXBuildFile; fileRef = 63EF8C70196169660053E7BE /* UIGestureRecognizer+SHGestureRecognizerBlocks.m */; };
		63EF8C761961699F0053E7BE /* UINavigationController+SHNavigationControllerBlocks.m in Sources */ = {isa = PBXBuildFile; fileRef = 63EF8C751961699F0053E7BE /* UINavigationController+SHNavigationControllerBlocks.m */; };
		63EF8C7E19616A110053E7BE /* UIViewController+SHSegueBlocks.m in Sources */ = {isa = PBXBuildFile; fileRef = 63EF8C7B19616A110053E7BE /* UIViewController+SHSegueBlocks.m */; };
		63EF8C7F19616A110053E7BE /* UIViewController+SHTransitionBlocks.m in Sources */ = {isa = PBXBuildFile; fileRef = 63EF8C7D19616A110053E7BE /* UIViewController+SHTransitionBlocks.m */; };
		63EF8C87196180940053E7BE /* UITextField+SHTextFieldBlocks.m in Sources */ = {isa = PBXBuildFile; fileRef = 63EF8C85196180940053E7BE /* UITextField+SHTextFieldBlocks.m */; };
		63EF8C8C196180CF0053E7BE /* UITextView+SHTextViewBlocks.m in Sources */ = {isa = PBXBuildFile; fileRef = 63EF8C8B196180CF0053E7BE /* UITextView+SHTextViewBlocks.m */; };
		63EF8C931961815E0053E7BE /* UIWebView+SHWebViewBlocks.m in Sources */ = {isa = PBXBuildFile; fileRef = 63EF8C901961815E0053E7BE /* UIWebView+SHWebViewBlocks.m */; };
		63EF8C941961815E0053E7BE /* UIWebViewX.m in Sources */ = {isa = PBXBuildFile; fileRef = 63EF8C921961815E0053E7BE /* UIWebViewX.m */; };
		63EF8C98196181E40053E7BE /* UISearchBar+Blocks.m in Sources */ = {isa = PBXBuildFile; fileRef = 63EF8C97196181E40053E7BE /* UISearchBar+Blocks.m */; };
/* End PBXBuildFile section */

/* Begin PBXFileReference section */
		63B76B70196432950025009D /* md5.h */ = {isa = PBXFileReference; fileEncoding = 4; lastKnownFileType = sourcecode.c.h; path = md5.h; sourceTree = "<group>"; };
		63B76B71196432950025009D /* md5.m */ = {isa = PBXFileReference; fileEncoding = 4; lastKnownFileType = sourcecode.c.objc; path = md5.m; sourceTree = "<group>"; };
		63BF8C6B195D553600E703D2 /* CategoriesExtension.app */ = {isa = PBXFileReference; explicitFileType = wrapper.application; includeInIndex = 0; path = CategoriesExtension.app; sourceTree = BUILT_PRODUCTS_DIR; };
		63BF8C6E195D553600E703D2 /* Foundation.framework */ = {isa = PBXFileReference; lastKnownFileType = wrapper.framework; name = Foundation.framework; path = System/Library/Frameworks/Foundation.framework; sourceTree = SDKROOT; };
		63BF8C70195D553600E703D2 /* CoreGraphics.framework */ = {isa = PBXFileReference; lastKnownFileType = wrapper.framework; name = CoreGraphics.framework; path = System/Library/Frameworks/CoreGraphics.framework; sourceTree = SDKROOT; };
		63BF8C72195D553600E703D2 /* UIKit.framework */ = {isa = PBXFileReference; lastKnownFileType = wrapper.framework; name = UIKit.framework; path = System/Library/Frameworks/UIKit.framework; sourceTree = SDKROOT; };
		63BF8C87195D553700E703D2 /* XCTest.framework */ = {isa = PBXFileReference; lastKnownFileType = wrapper.framework; name = XCTest.framework; path = Library/Frameworks/XCTest.framework; sourceTree = DEVELOPER_DIR; };
		63EF8AAC19614F2D0053E7BE /* en */ = {isa = PBXFileReference; lastKnownFileType = text.plist.strings; name = en; path = en.lproj/InfoPlist.strings; sourceTree = "<group>"; };
		63EF8AAD19614F2D0053E7BE /* Images.xcassets */ = {isa = PBXFileReference; lastKnownFileType = folder.assetcatalog; path = Images.xcassets; sourceTree = "<group>"; };
		63EF8AAF19614F2D0053E7BE /* Lyt.h */ = {isa = PBXFileReference; fileEncoding = 4; lastKnownFileType = sourcecode.c.h; path = Lyt.h; sourceTree = "<group>"; };
		63EF8AB019614F2D0053E7BE /* Lyt.m */ = {isa = PBXFileReference; fileEncoding = 4; lastKnownFileType = sourcecode.c.objc; path = Lyt.m; sourceTree = "<group>"; };
		63EF8AC719614F2D0053E7BE /* NSString+Validator.h */ = {isa = PBXFileReference; fileEncoding = 4; lastKnownFileType = sourcecode.c.h; path = "NSString+Validator.h"; sourceTree = "<group>"; };
		63EF8AC819614F2D0053E7BE /* NSString+Validator.m */ = {isa = PBXFileReference; fileEncoding = 4; lastKnownFileType = sourcecode.c.objc; path = "NSString+Validator.m"; sourceTree = "<group>"; };
		63EF8AF819614F2D0053E7BE /* PHAppDelegate.h */ = {isa = PBXFileReference; fileEncoding = 4; lastKnownFileType = sourcecode.c.h; path = PHAppDelegate.h; sourceTree = "<group>"; };
		63EF8AF919614F2D0053E7BE /* PHAppDelegate.m */ = {isa = PBXFileReference; fileEncoding = 4; lastKnownFileType = sourcecode.c.objc; path = PHAppDelegate.m; sourceTree = "<group>"; };
		63EF8BA2196156E40053E7BE /* CategoriesExtension-Info.plist */ = {isa = PBXFileReference; fileEncoding = 4; lastKnownFileType = text.plist.xml; path = "CategoriesExtension-Info.plist"; sourceTree = "<group>"; };
		63EF8BA3196156E40053E7BE /* CategoriesExtension-Prefix.pch */ = {isa = PBXFileReference; fileEncoding = 4; lastKnownFileType = sourcecode.c.h; path = "CategoriesExtension-Prefix.pch"; sourceTree = "<group>"; };
		63EF8BA4196156E40053E7BE /* main.m */ = {isa = PBXFileReference; fileEncoding = 4; lastKnownFileType = sourcecode.c.objc; path = main.m; sourceTree = "<group>"; };
		63EF8BA919615CCE0053E7BE /* NSDate+Compare.h */ = {isa = PBXFileReference; fileEncoding = 4; lastKnownFileType = sourcecode.c.h; path = "NSDate+Compare.h"; sourceTree = "<group>"; };
		63EF8BAA19615CCE0053E7BE /* NSDate+Compare.m */ = {isa = PBXFileReference; fileEncoding = 4; lastKnownFileType = sourcecode.c.objc; path = "NSDate+Compare.m"; sourceTree = "<group>"; };
		63EF8BAB19615CCE0053E7BE /* NSDate+Components.h */ = {isa = PBXFileReference; fileEncoding = 4; lastKnownFileType = sourcecode.c.h; path = "NSDate+Components.h"; sourceTree = "<group>"; };
		63EF8BAC19615CCE0053E7BE /* NSDate+Components.m */ = {isa = PBXFileReference; fileEncoding = 4; lastKnownFileType = sourcecode.c.objc; path = "NSDate+Components.m"; sourceTree = "<group>"; };
		63EF8BAD19615CCE0053E7BE /* NSDate+CupertinoYankee.h */ = {isa = PBXFileReference; fileEncoding = 4; lastKnownFileType = sourcecode.c.h; path = "NSDate+CupertinoYankee.h"; sourceTree = "<group>"; };
		63EF8BAE19615CCE0053E7BE /* NSDate+CupertinoYankee.m */ = {isa = PBXFileReference; fileEncoding = 4; lastKnownFileType = sourcecode.c.objc; path = "NSDate+CupertinoYankee.m"; sourceTree = "<group>"; };
		63EF8BAF19615CCE0053E7BE /* NSDate+DateTime.h */ = {isa = PBXFileReference; fileEncoding = 4; lastKnownFileType = sourcecode.c.h; path = "NSDate+DateTime.h"; sourceTree = "<group>"; };
		63EF8BB019615CCE0053E7BE /* NSDate+DateTime.m */ = {isa = PBXFileReference; fileEncoding = 4; lastKnownFileType = sourcecode.c.objc; path = "NSDate+DateTime.m"; sourceTree = "<group>"; };
		63EF8BB119615CCE0053E7BE /* NSDate+Day.h */ = {isa = PBXFileReference; fileEncoding = 4; lastKnownFileType = sourcecode.c.h; path = "NSDate+Day.h"; sourceTree = "<group>"; };
		63EF8BB219615CCE0053E7BE /* NSDate+Day.m */ = {isa = PBXFileReference; fileEncoding = 4; lastKnownFileType = sourcecode.c.objc; path = "NSDate+Day.m"; sourceTree = "<group>"; };
		63EF8BB319615CCE0053E7BE /* NSDate+Month.h */ = {isa = PBXFileReference; fileEncoding = 4; lastKnownFileType = sourcecode.c.h; path = "NSDate+Month.h"; sourceTree = "<group>"; };
		63EF8BB419615CCE0053E7BE /* NSDate+Month.m */ = {isa = PBXFileReference; fileEncoding = 4; lastKnownFileType = sourcecode.c.objc; path = "NSDate+Month.m"; sourceTree = "<group>"; };
		63EF8BB519615CCE0053E7BE /* NSDate+Time.h */ = {isa = PBXFileReference; fileEncoding = 4; lastKnownFileType = sourcecode.c.h; path = "NSDate+Time.h"; sourceTree = "<group>"; };
		63EF8BB619615CCE0053E7BE /* NSDate+Time.m */ = {isa = PBXFileReference; fileEncoding = 4; lastKnownFileType = sourcecode.c.objc; path = "NSDate+Time.m"; sourceTree = "<group>"; };
		63EF8BB719615CCE0053E7BE /* NSDate+Week.h */ = {isa = PBXFileReference; fileEncoding = 4; lastKnownFileType = sourcecode.c.h; path = "NSDate+Week.h"; sourceTree = "<group>"; };
		63EF8BB819615CCE0053E7BE /* NSDate+Week.m */ = {isa = PBXFileReference; fileEncoding = 4; lastKnownFileType = sourcecode.c.objc; path = "NSDate+Week.m"; sourceTree = "<group>"; };
		63EF8BB919615CCE0053E7BE /* NSDate+Year.h */ = {isa = PBXFileReference; fileEncoding = 4; lastKnownFileType = sourcecode.c.h; path = "NSDate+Year.h"; sourceTree = "<group>"; };
		63EF8BBA19615CCE0053E7BE /* NSDate+Year.m */ = {isa = PBXFileReference; fileEncoding = 4; lastKnownFileType = sourcecode.c.objc; path = "NSDate+Year.m"; sourceTree = "<group>"; };
		63EF8BBB19615CCE0053E7BE /* NSDateX.h */ = {isa = PBXFileReference; fileEncoding = 4; lastKnownFileType = sourcecode.c.h; path = NSDateX.h; sourceTree = "<group>"; };
		63EF8BBC19615CCE0053E7BE /* NSDateX.m */ = {isa = PBXFileReference; fileEncoding = 4; lastKnownFileType = sourcecode.c.objc; path = NSDateX.m; sourceTree = "<group>"; };
		63EF8BCD19615CF10053E7BE /* NSString+Encode.h */ = {isa = PBXFileReference; fileEncoding = 4; lastKnownFileType = sourcecode.c.h; path = "NSString+Encode.h"; sourceTree = "<group>"; };
		63EF8BCE19615CF10053E7BE /* NSString+Encode.m */ = {isa = PBXFileReference; fileEncoding = 4; lastKnownFileType = sourcecode.c.objc; path = "NSString+Encode.m"; sourceTree = "<group>"; };
		63EF8BCF19615CF10053E7BE /* NSStringX.h */ = {isa = PBXFileReference; fileEncoding = 4; lastKnownFileType = sourcecode.c.h; path = NSStringX.h; sourceTree = "<group>"; };
		63EF8BD019615CF10053E7BE /* NSStringX.m */ = {isa = PBXFileReference; fileEncoding = 4; lastKnownFileType = sourcecode.c.objc; path = NSStringX.m; sourceTree = "<group>"; };
		63EF8BD619615E090053E7BE /* NSString+Color.h */ = {isa = PBXFileReference; fileEncoding = 4; lastKnownFileType = sourcecode.c.h; path = "NSString+Color.h"; sourceTree = "<group>"; };
		63EF8BD719615E090053E7BE /* NSString+Color.m */ = {isa = PBXFileReference; fileEncoding = 4; lastKnownFileType = sourcecode.c.objc; path = "NSString+Color.m"; sourceTree = "<group>"; };
		63EF8BDA19615E910053E7BE /* MKMapViewX.h */ = {isa = PBXFileReference; fileEncoding = 4; lastKnownFileType = sourcecode.c.h; path = MKMapViewX.h; sourceTree = "<group>"; };
		63EF8BDB19615E910053E7BE /* MKMapViewX.m */ = {isa = PBXFileReference; fileEncoding = 4; lastKnownFileType = sourcecode.c.objc; path = MKMapViewX.m; sourceTree = "<group>"; };
		63EF8BDE19615ECB0053E7BE /* NSDictionaryX.h */ = {isa = PBXFileReference; fileEncoding = 4; lastKnownFileType = sourcecode.c.h; path = NSDictionaryX.h; sourceTree = "<group>"; };
		63EF8BDF19615ECB0053E7BE /* NSDictionaryX.m */ = {isa = PBXFileReference; fileEncoding = 4; lastKnownFileType = sourcecode.c.objc; path = NSDictionaryX.m; sourceTree = "<group>"; };
		63EF8BE219615F3B0053E7BE /* NSExceptionX.h */ = {isa = PBXFileReference; fileEncoding = 4; lastKnownFileType = sourcecode.c.h; path = NSExceptionX.h; sourceTree = "<group>"; };
		63EF8BE319615F3B0053E7BE /* NSExceptionX.m */ = {isa = PBXFileReference; fileEncoding = 4; lastKnownFileType = sourcecode.c.objc; path = NSExceptionX.m; sourceTree = "<group>"; };
		63EF8BE619615FD70053E7BE /* NSFileManagerX.h */ = {isa = PBXFileReference; fileEncoding = 4; lastKnownFileType = sourcecode.c.h; path = NSFileManagerX.h; sourceTree = "<group>"; };
		63EF8BE719615FD70053E7BE /* NSFileManagerX.m */ = {isa = PBXFileReference; fileEncoding = 4; lastKnownFileType = sourcecode.c.objc; path = NSFileManagerX.m; sourceTree = "<group>"; };
		63EF8BEA1961605D0053E7BE /* NSManagedObjectContextX.h */ = {isa = PBXFileReference; fileEncoding = 4; lastKnownFileType = sourcecode.c.h; path = NSManagedObjectContextX.h; sourceTree = "<group>"; };
		63EF8BEB1961605D0053E7BE /* NSManagedObjectContextX.m */ = {isa = PBXFileReference; fileEncoding = 4; lastKnownFileType = sourcecode.c.objc; path = NSManagedObjectContextX.m; sourceTree = "<group>"; };
		63EF8BEE1961609C0053E7BE /* NSMutableArrayX.h */ = {isa = PBXFileReference; fileEncoding = 4; lastKnownFileType = sourcecode.c.h; path = NSMutableArrayX.h; sourceTree = "<group>"; };
		63EF8BEF1961609C0053E7BE /* NSMutableArrayX.m */ = {isa = PBXFileReference; fileEncoding = 4; lastKnownFileType = sourcecode.c.objc; path = NSMutableArrayX.m; sourceTree = "<group>"; };
		63EF8BF2196161280053E7BE /* keypath.h */ = {isa = PBXFileReference; fileEncoding = 4; lastKnownFileType = sourcecode.c.h; name = keypath.h; path = NSObject/keypath.h; sourceTree = "<group>"; };
		63EF8BF3196161280053E7BE /* metamacros.h */ = {isa = PBXFileReference; fileEncoding = 4; lastKnownFileType = sourcecode.c.h; name = metamacros.h; path = NSObject/metamacros.h; sourceTree = "<group>"; };
		63EF8BF4196161280053E7BE /* MTKObserver.h */ = {isa = PBXFileReference; fileEncoding = 4; lastKnownFileType = sourcecode.c.h; name = MTKObserver.h; path = NSObject/MTKObserver.h; sourceTree = "<group>"; };
		63EF8BF5196161280053E7BE /* MTKObserver.m */ = {isa = PBXFileReference; fileEncoding = 4; lastKnownFileType = sourcecode.c.objc; name = MTKObserver.m; path = NSObject/MTKObserver.m; sourceTree = "<group>"; };
		63EF8BF6196161280053E7BE /* MTKObserving.h */ = {isa = PBXFileReference; fileEncoding = 4; lastKnownFileType = sourcecode.c.h; name = MTKObserving.h; path = NSObject/MTKObserving.h; sourceTree = "<group>"; };
		63EF8BF7196161280053E7BE /* MTKObservingMacros.h */ = {isa = PBXFileReference; fileEncoding = 4; lastKnownFileType = sourcecode.c.h; name = MTKObservingMacros.h; path = NSObject/MTKObservingMacros.h; sourceTree = "<group>"; };
		63EF8BF8196161280053E7BE /* NSObject+MTKObserving.h */ = {isa = PBXFileReference; fileEncoding = 4; lastKnownFileType = sourcecode.c.h; name = "NSObject+MTKObserving.h"; path = "NSObject/NSObject+MTKObserving.h"; sourceTree = "<group>"; };
		63EF8BF9196161280053E7BE /* NSObject+MTKObserving.m */ = {isa = PBXFileReference; fileEncoding = 4; lastKnownFileType = sourcecode.c.objc; name = "NSObject+MTKObserving.m"; path = "NSObject/NSObject+MTKObserving.m"; sourceTree = "<group>"; };
		63EF8BFA196161280053E7BE /* NSObject+SHObjectUserInfo.h */ = {isa = PBXFileReference; fileEncoding = 4; lastKnownFileType = sourcecode.c.h; path = "NSObject+SHObjectUserInfo.h"; sourceTree = "<group>"; };
		63EF8BFB196161280053E7BE /* NSObject+SHObjectUserInfo.m */ = {isa = PBXFileReference; fileEncoding = 4; lastKnownFileType = sourcecode.c.objc; path = "NSObject+SHObjectUserInfo.m"; sourceTree = "<group>"; };
		63EF8BFC196161280053E7BE /* NSObjectX.h */ = {isa = PBXFileReference; fileEncoding = 4; lastKnownFileType = sourcecode.c.h; path = NSObjectX.h; sourceTree = "<group>"; };
		63EF8BFD196161280053E7BE /* NSObjectX.m */ = {isa = PBXFileReference; fileEncoding = 4; lastKnownFileType = sourcecode.c.objc; path = NSObjectX.m; sourceTree = "<group>"; };
		63EF8BFE196161280053E7BE /* scope.h */ = {isa = PBXFileReference; fileEncoding = 4; lastKnownFileType = sourcecode.c.h; name = scope.h; path = NSObject/scope.h; sourceTree = "<group>"; };
		63EF8C051961616D0053E7BE /* NSSetX.h */ = {isa = PBXFileReference; fileEncoding = 4; lastKnownFileType = sourcecode.c.h; path = NSSetX.h; sourceTree = "<group>"; };
		63EF8C061961616D0053E7BE /* NSSetX.m */ = {isa = PBXFileReference; fileEncoding = 4; lastKnownFileType = sourcecode.c.objc; path = NSSetX.m; sourceTree = "<group>"; };
		63EF8C09196161AE0053E7BE /* NSURLX.h */ = {isa = PBXFileReference; fileEncoding = 4; lastKnownFileType = sourcecode.c.h; path = NSURLX.h; sourceTree = "<group>"; };
		63EF8C0A196161AE0053E7BE /* NSURLX.m */ = {isa = PBXFileReference; fileEncoding = 4; lastKnownFileType = sourcecode.c.objc; path = NSURLX.m; sourceTree = "<group>"; };
		63EF8C0D196161F10053E7BE /* NSUUIDX.h */ = {isa = PBXFileReference; fileEncoding = 4; lastKnownFileType = sourcecode.c.h; path = NSUUIDX.h; sourceTree = "<group>"; };
		63EF8C0E196161F10053E7BE /* NSUUIDX.m */ = {isa = PBXFileReference; fileEncoding = 4; lastKnownFileType = sourcecode.c.objc; path = NSUUIDX.m; sourceTree = "<group>"; };
		63EF8C12196162830053E7BE /* UIAlertView+Blocks.h */ = {isa = PBXFileReference; fileEncoding = 4; lastKnownFileType = sourcecode.c.h; path = "UIAlertView+Blocks.h"; sourceTree = "<group>"; };
		63EF8C13196162830053E7BE /* UIAlertView+Blocks.m */ = {isa = PBXFileReference; fileEncoding = 4; lastKnownFileType = sourcecode.c.objc; path = "UIAlertView+Blocks.m"; sourceTree = "<group>"; };
		63EF8C14196162830053E7BE /* UIAlertView+SHAlertViewBlocks.h */ = {isa = PBXFileReference; fileEncoding = 4; lastKnownFileType = sourcecode.c.h; path = "UIAlertView+SHAlertViewBlocks.h"; sourceTree = "<group>"; };
		63EF8C15196162830053E7BE /* UIAlertView+SHAlertViewBlocks.m */ = {isa = PBXFileReference; fileEncoding = 4; lastKnownFileType = sourcecode.c.objc; path = "UIAlertView+SHAlertViewBlocks.m"; sourceTree = "<group>"; };
		63EF8C16196162830053E7BE /* UIAlertViewX.h */ = {isa = PBXFileReference; fileEncoding = 4; lastKnownFileType = sourcecode.c.h; path = UIAlertViewX.h; sourceTree = "<group>"; };
		63EF8C17196162830053E7BE /* UIAlertViewX.m */ = {isa = PBXFileReference; fileEncoding = 4; lastKnownFileType = sourcecode.c.objc; path = UIAlertViewX.m; sourceTree = "<group>"; };
		63EF8C1C196162C20053E7BE /* UIApplicationX.h */ = {isa = PBXFileReference; fileEncoding = 4; lastKnownFileType = sourcecode.c.h; path = UIApplicationX.h; sourceTree = "<group>"; };
		63EF8C1D196162C20053E7BE /* UIApplicationX.m */ = {isa = PBXFileReference; fileEncoding = 4; lastKnownFileType = sourcecode.c.objc; path = UIApplicationX.m; sourceTree = "<group>"; };
		63EF8C20196163060053E7BE /* UIColor+Components.h */ = {isa = PBXFileReference; fileEncoding = 4; lastKnownFileType = sourcecode.c.h; path = "UIColor+Components.h"; sourceTree = "<group>"; };
		63EF8C21196163060053E7BE /* UIColor+Components.m */ = {isa = PBXFileReference; fileEncoding = 4; lastKnownFileType = sourcecode.c.objc; path = "UIColor+Components.m"; sourceTree = "<group>"; };
		63EF8C22196163060053E7BE /* UIColor+Hex.h */ = {isa = PBXFileReference; fileEncoding = 4; lastKnownFileType = sourcecode.c.h; path = "UIColor+Hex.h"; sourceTree = "<group>"; };
		63EF8C23196163060053E7BE /* UIColor+Hex.m */ = {isa = PBXFileReference; fileEncoding = 4; lastKnownFileType = sourcecode.c.objc; path = "UIColor+Hex.m"; sourceTree = "<group>"; };
		63EF8C24196163060053E7BE /* UIColor+Modify.h */ = {isa = PBXFileReference; fileEncoding = 4; lastKnownFileType = sourcecode.c.h; path = "UIColor+Modify.h"; sourceTree = "<group>"; };
		63EF8C25196163060053E7BE /* UIColor+Modify.m */ = {isa = PBXFileReference; fileEncoding = 4; lastKnownFileType = sourcecode.c.objc; path = "UIColor+Modify.m"; sourceTree = "<group>"; };
		63EF8C26196163060053E7BE /* UIColorX.h */ = {isa = PBXFileReference; fileEncoding = 4; lastKnownFileType = sourcecode.c.h; path = UIColorX.h; sourceTree = "<group>"; };
		63EF8C27196163060053E7BE /* UIColorX.m */ = {isa = PBXFileReference; fileEncoding = 4; lastKnownFileType = sourcecode.c.objc; path = UIColorX.m; sourceTree = "<group>"; };
		63EF8C30196163AB0053E7BE /* UIDeviceX.h */ = {isa = PBXFileReference; fileEncoding = 4; lastKnownFileType = sourcecode.c.h; path = UIDeviceX.h; sourceTree = "<group>"; };
		63EF8C31196163AB0053E7BE /* UIDeviceX.m */ = {isa = PBXFileReference; fileEncoding = 4; lastKnownFileType = sourcecode.c.objc; path = UIDeviceX.m; sourceTree = "<group>"; };
		63EF8C341961643B0053E7BE /* UIImage+AnimatedGIF.h */ = {isa = PBXFileReference; fileEncoding = 4; lastKnownFileType = sourcecode.c.h; path = "UIImage+AnimatedGIF.h"; sourceTree = "<group>"; };
		63EF8C351961643B0053E7BE /* UIImage+AnimatedGIF.m */ = {isa = PBXFileReference; fileEncoding = 4; lastKnownFileType = sourcecode.c.objc; path = "UIImage+AnimatedGIF.m"; sourceTree = "<group>"; };
		63EF8C361961643B0053E7BE /* UIImage+Extension.h */ = {isa = PBXFileReference; fileEncoding = 4; lastKnownFileType = sourcecode.c.h; path = "UIImage+Extension.h"; sourceTree = "<group>"; };
		63EF8C371961643B0053E7BE /* UIImage+Extension.m */ = {isa = PBXFileReference; fileEncoding = 4; lastKnownFileType = sourcecode.c.objc; path = "UIImage+Extension.m"; sourceTree = "<group>"; };
		63EF8C381961643B0053E7BE /* UIImage+ImageEffects.h */ = {isa = PBXFileReference; fileEncoding = 4; lastKnownFileType = sourcecode.c.h; path = "UIImage+ImageEffects.h"; sourceTree = "<group>"; };
		63EF8C391961643B0053E7BE /* UIImage+ImageEffects.m */ = {isa = PBXFileReference; fileEncoding = 4; lastKnownFileType = sourcecode.c.objc; path = "UIImage+ImageEffects.m"; sourceTree = "<group>"; };
		63EF8C3A1961643B0053E7BE /* UIImage+ImageWithColor.h */ = {isa = PBXFileReference; fileEncoding = 4; lastKnownFileType = sourcecode.c.h; path = "UIImage+ImageWithColor.h"; sourceTree = "<group>"; };
		63EF8C3B1961643B0053E7BE /* UIImage+ImageWithColor.m */ = {isa = PBXFileReference; fileEncoding = 4; lastKnownFileType = sourcecode.c.objc; path = "UIImage+ImageWithColor.m"; sourceTree = "<group>"; };
		63EF8C3C1961643B0053E7BE /* UIImage+Scale.h */ = {isa = PBXFileReference; fileEncoding = 4; lastKnownFileType = sourcecode.c.h; path = "UIImage+Scale.h"; sourceTree = "<group>"; };
		63EF8C3D1961643B0053E7BE /* UIImage+Scale.m */ = {isa = PBXFileReference; fileEncoding = 4; lastKnownFileType = sourcecode.c.objc; path = "UIImage+Scale.m"; sourceTree = "<group>"; };
		63EF8C3E1961643B0053E7BE /* UIImage+UIColor.h */ = {isa = PBXFileReference; fileEncoding = 4; lastKnownFileType = sourcecode.c.h; path = "UIImage+UIColor.h"; sourceTree = "<group>"; };
		63EF8C3F1961643B0053E7BE /* UIImage+UIColor.m */ = {isa = PBXFileReference; fileEncoding = 4; lastKnownFileType = sourcecode.c.objc; path = "UIImage+UIColor.m"; sourceTree = "<group>"; };
		63EF8C401961643B0053E7BE /* UIImageX.h */ = {isa = PBXFileReference; fileEncoding = 4; lastKnownFileType = sourcecode.c.h; path = UIImageX.h; sourceTree = "<group>"; };
		63EF8C411961643B0053E7BE /* UIImageX.m */ = {isa = PBXFileReference; fileEncoding = 4; lastKnownFileType = sourcecode.c.objc; path = UIImageX.m; sourceTree = "<group>"; };
		63EF8C4B196164C10053E7BE /* UITabBarController+SHTabBarControllerBlocks.h */ = {isa = PBXFileReference; fileEncoding = 4; lastKnownFileType = sourcecode.c.h; name = "UITabBarController+SHTabBarControllerBlocks.h"; path = "UITabBarController/UITabBarController+SHTabBarControllerBlocks.h"; sourceTree = "<group>"; };
		63EF8C4C196164C10053E7BE /* UITabBarController+SHTabBarControllerBlocks.m */ = {isa = PBXFileReference; fileEncoding = 4; lastKnownFileType = sourcecode.c.objc; name = "UITabBarController+SHTabBarControllerBlocks.m"; path = "UITabBarController/UITabBarController+SHTabBarControllerBlocks.m"; sourceTree = "<group>"; };
		63EF8C4D196164C10053E7BE /* UITabBarControllerX.h */ = {isa = PBXFileReference; fileEncoding = 4; lastKnownFileType = sourcecode.c.h; path = UITabBarControllerX.h; sourceTree = "<group>"; };
		63EF8C4E196164C10053E7BE /* UITabBarControllerX.m */ = {isa = PBXFileReference; fileEncoding = 4; lastKnownFileType = sourcecode.c.objc; path = UITabBarControllerX.m; sourceTree = "<group>"; };
		63EF8C52196165320053E7BE /* UIView+AnimationExtensions.h */ = {isa = PBXFileReference; fileEncoding = 4; lastKnownFileType = sourcecode.c.h; path = "UIView+AnimationExtensions.h"; sourceTree = "<group>"; };
		63EF8C53196165320053E7BE /* UIView+AnimationExtensions.m */ = {isa = PBXFileReference; fileEncoding = 4; lastKnownFileType = sourcecode.c.objc; path = "UIView+AnimationExtensions.m"; sourceTree = "<group>"; };
		63EF8C54196165320053E7BE /* UIView+Geometry.h */ = {isa = PBXFileReference; fileEncoding = 4; lastKnownFileType = sourcecode.c.h; path = "UIView+Geometry.h"; sourceTree = "<group>"; };
		63EF8C55196165320053E7BE /* UIView+Geometry.m */ = {isa = PBXFileReference; fileEncoding = 4; lastKnownFileType = sourcecode.c.objc; path = "UIView+Geometry.m"; sourceTree = "<group>"; };
		63EF8C56196165320053E7BE /* UIViewX.h */ = {isa = PBXFileReference; fileEncoding = 4; lastKnownFileType = sourcecode.c.h; path = UIViewX.h; sourceTree = "<group>"; };
		63EF8C57196165320053E7BE /* UIViewX.m */ = {isa = PBXFileReference; fileEncoding = 4; lastKnownFileType = sourcecode.c.objc; path = UIViewX.m; sourceTree = "<group>"; };
		63EF8C5D196168C10053E7BE /* UIActionSheet+Blocks.h */ = {isa = PBXFileReference; fileEncoding = 4; lastKnownFileType = sourcecode.c.h; path = "UIActionSheet+Blocks.h"; sourceTree = "<group>"; };
		63EF8C5E196168C10053E7BE /* UIActionSheet+Blocks.m */ = {isa = PBXFileReference; fileEncoding = 4; lastKnownFileType = sourcecode.c.objc; path = "UIActionSheet+Blocks.m"; sourceTree = "<group>"; };
		63EF8C5F196168C10053E7BE /* UIActionSheet+SHActionSheetBlocks.h */ = {isa = PBXFileReference; fileEncoding = 4; lastKnownFileType = sourcecode.c.h; path = "UIActionSheet+SHActionSheetBlocks.h"; sourceTree = "<group>"; };
		63EF8C60196168C10053E7BE /* UIActionSheet+SHActionSheetBlocks.m */ = {isa = PBXFileReference; fileEncoding = 4; lastKnownFileType = sourcecode.c.objc; path = "UIActionSheet+SHActionSheetBlocks.m"; sourceTree = "<group>"; };
		63EF8C65196168F10053E7BE /* UIBarButtonItem+SHBarButtonItemBlocks.h */ = {isa = PBXFileReference; fileEncoding = 4; lastKnownFileType = sourcecode.c.h; path = "UIBarButtonItem+SHBarButtonItemBlocks.h"; sourceTree = "<group>"; };
		63EF8C66196168F10053E7BE /* UIBarButtonItem+SHBarButtonItemBlocks.m */ = {isa = PBXFileReference; fileEncoding = 4; lastKnownFileType = sourcecode.c.objc; path = "UIBarButtonItem+SHBarButtonItemBlocks.m"; sourceTree = "<group>"; };
		63EF8C6A1961692D0053E7BE /* UIControl+SHControlBlocks.h */ = {isa = PBXFileReference; fileEncoding = 4; lastKnownFileType = sourcecode.c.h; path = "UIControl+SHControlBlocks.h"; sourceTree = "<group>"; };
		63EF8C6B1961692D0053E7BE /* UIControl+SHControlBlocks.m */ = {isa = PBXFileReference; fileEncoding = 4; lastKnownFileType = sourcecode.c.objc; path = "UIControl+SHControlBlocks.m"; sourceTree = "<group>"; };
		63EF8C6F196169660053E7BE /* UIGestureRecognizer+SHGestureRecognizerBlocks.h */ = {isa = PBXFileReference; fileEncoding = 4; lastKnownFileType = sourcecode.c.h; path = "UIGestureRecognizer+SHGestureRecognizerBlocks.h"; sourceTree = "<group>"; };
		63EF8C70196169660053E7BE /* UIGestureRecognizer+SHGestureRecognizerBlocks.m */ = {isa = PBXFileReference; fileEncoding = 4; lastKnownFileType = sourcecode.c.objc; path = "UIGestureRecognizer+SHGestureRecognizerBlocks.m"; sourceTree = "<group>"; };
		63EF8C741961699F0053E7BE /* UINavigationController+SHNavigationControllerBlocks.h */ = {isa = PBXFileReference; fileEncoding = 4; lastKnownFileType = sourcecode.c.h; path = "UINavigationController+SHNavigationControllerBlocks.h"; sourceTree = "<group>"; };
		63EF8C751961699F0053E7BE /* UINavigationController+SHNavigationControllerBlocks.m */ = {isa = PBXFileReference; fileEncoding = 4; lastKnownFileType = sourcecode.c.objc; path = "UINavigationController+SHNavigationControllerBlocks.m"; sourceTree = "<group>"; };
		63EF8C7A19616A110053E7BE /* UIViewController+SHSegueBlocks.h */ = {isa = PBXFileReference; fileEncoding = 4; lastKnownFileType = sourcecode.c.h; name = "UIViewController+SHSegueBlocks.h"; path = "UIViewController/UIViewController+SHSegueBlocks.h"; sourceTree = "<group>"; };
		63EF8C7B19616A110053E7BE /* UIViewController+SHSegueBlocks.m */ = {isa = PBXFileReference; fileEncoding = 4; lastKnownFileType = sourcecode.c.objc; name = "UIViewController+SHSegueBlocks.m"; path = "UIViewController/UIViewController+SHSegueBlocks.m"; sourceTree = "<group>"; };
		63EF8C7C19616A110053E7BE /* UIViewController+SHTransitionBlocks.h */ = {isa = PBXFileReference; fileEncoding = 4; lastKnownFileType = sourcecode.c.h; name = "UIViewController+SHTransitionBlocks.h"; path = "UIViewController/UIViewController+SHTransitionBlocks.h"; sourceTree = "<group>"; };
		63EF8C7D19616A110053E7BE /* UIViewController+SHTransitionBlocks.m */ = {isa = PBXFileReference; fileEncoding = 4; lastKnownFileType = sourcecode.c.objc; name = "UIViewController+SHTransitionBlocks.m"; path = "UIViewController/UIViewController+SHTransitionBlocks.m"; sourceTree = "<group>"; };
		63EF8C84196180940053E7BE /* UITextField+SHTextFieldBlocks.h */ = {isa = PBXFileReference; fileEncoding = 4; lastKnownFileType = sourcecode.c.h; path = "UITextField+SHTextFieldBlocks.h"; sourceTree = "<group>"; };
		63EF8C85196180940053E7BE /* UITextField+SHTextFieldBlocks.m */ = {isa = PBXFileReference; fileEncoding = 4; lastKnownFileType = sourcecode.c.objc; path = "UITextField+SHTextFieldBlocks.m"; sourceTree = "<group>"; };
		63EF8C8A196180CF0053E7BE /* UITextView+SHTextViewBlocks.h */ = {isa = PBXFileReference; fileEncoding = 4; lastKnownFileType = sourcecode.c.h; path = "UITextView+SHTextViewBlocks.h"; sourceTree = "<group>"; };
		63EF8C8B196180CF0053E7BE /* UITextView+SHTextViewBlocks.m */ = {isa = PBXFileReference; fileEncoding = 4; lastKnownFileType = sourcecode.c.objc; path = "UITextView+SHTextViewBlocks.m"; sourceTree = "<group>"; };
		63EF8C8F1961815E0053E7BE /* UIWebView+SHWebViewBlocks.h */ = {isa = PBXFileReference; fileEncoding = 4; lastKnownFileType = sourcecode.c.h; name = "UIWebView+SHWebViewBlocks.h"; path = "UIWebView/UIWebView+SHWebViewBlocks.h"; sourceTree = "<group>"; };
		63EF8C901961815E0053E7BE /* UIWebView+SHWebViewBlocks.m */ = {isa = PBXFileReference; fileEncoding = 4; lastKnownFileType = sourcecode.c.objc; name = "UIWebView+SHWebViewBlocks.m"; path = "UIWebView/UIWebView+SHWebViewBlocks.m"; sourceTree = "<group>"; };
		63EF8C911961815E0053E7BE /* UIWebViewX.h */ = {isa = PBXFileReference; fileEncoding = 4; lastKnownFileType = sourcecode.c.h; path = UIWebViewX.h; sourceTree = "<group>"; };
		63EF8C921961815E0053E7BE /* UIWebViewX.m */ = {isa = PBXFileReference; fileEncoding = 4; lastKnownFileType = sourcecode.c.objc; path = UIWebViewX.m; sourceTree = "<group>"; };
		63EF8C96196181E40053E7BE /* UISearchBar+Blocks.h */ = {isa = PBXFileReference; fileEncoding = 4; lastKnownFileType = sourcecode.c.h; path = "UISearchBar+Blocks.h"; sourceTree = "<group>"; };
		63EF8C97196181E40053E7BE /* UISearchBar+Blocks.m */ = {isa = PBXFileReference; fileEncoding = 4; lastKnownFileType = sourcecode.c.objc; path = "UISearchBar+Blocks.m"; sourceTree = "<group>"; };
		63EF8C99196182290053E7BE /* CategoriesExtension.h */ = {isa = PBXFileReference; lastKnownFileType = sourcecode.c.h; path = CategoriesExtension.h; sourceTree = "<group>"; };
/* End PBXFileReference section */

/* Begin PBXFrameworksBuildPhase section */
		63BF8C68195D553600E703D2 /* Frameworks */ = {
			isa = PBXFrameworksBuildPhase;
			buildActionMask = 2147483647;
			files = (
				63BF8C71195D553600E703D2 /* CoreGraphics.framework in Frameworks */,
				63BF8C73195D553600E703D2 /* UIKit.framework in Frameworks */,
				63BF8C6F195D553600E703D2 /* Foundation.framework in Frameworks */,
			);
			runOnlyForDeploymentPostprocessing = 0;
		};
/* End PBXFrameworksBuildPhase section */

/* Begin PBXGroup section */
		63B76B73196433610025009D /* BlocksCategories */ = {
			isa = PBXGroup;
			children = (
				63B76B781964357F0025009D /* NSObject */,
				63EF8C5B196168C10053E7BE /* UIActionSheet */,
				63EF8C10196162830053E7BE /* UIAlertView */,
				63EF8C63196168F10053E7BE /* UIBarButtonItem */,
				63EF8C681961692D0053E7BE /* UIControl */,
				63EF8C6D196169660053E7BE /* UIGestureRecognizer */,
				63EF8C721961699F0053E7BE /* UINavigationController */,
				63EF8C95196181E40053E7BE /* UISearchBar */,
				63B76B771964345D0025009D /* UITabBarController */,
				63EF8C80196180940053E7BE /* UITextField */,
				63EF8C88196180CF0053E7BE /* UITextView */,
				63B76B75196433F20025009D /* UIVIewController */,
				63B76B74196433E60025009D /* UIWebView */,
			);
			name = BlocksCategories;
			sourceTree = "<group>";
		};
		63B76B74196433E60025009D /* UIWebView */ = {
			isa = PBXGroup;
			children = (
				63EF8C8F1961815E0053E7BE /* UIWebView+SHWebViewBlocks.h */,
				63EF8C901961815E0053E7BE /* UIWebView+SHWebViewBlocks.m */,
			);
			name = UIWebView;
			sourceTree = "<group>";
		};
		63B76B75196433F20025009D /* UIVIewController */ = {
			isa = PBXGroup;
			children = (
				63EF8C7A19616A110053E7BE /* UIViewController+SHSegueBlocks.h */,
				63EF8C7B19616A110053E7BE /* UIViewController+SHSegueBlocks.m */,
				63EF8C7C19616A110053E7BE /* UIViewController+SHTransitionBlocks.h */,
				63EF8C7D19616A110053E7BE /* UIViewController+SHTransitionBlocks.m */,
			);
			name = UIVIewController;
			sourceTree = "<group>";
		};
		63B76B771964345D0025009D /* UITabBarController */ = {
			isa = PBXGroup;
			children = (
				63EF8C4B196164C10053E7BE /* UITabBarController+SHTabBarControllerBlocks.h */,
				63EF8C4C196164C10053E7BE /* UITabBarController+SHTabBarControllerBlocks.m */,
			);
			name = UITabBarController;
			sourceTree = "<group>";
		};
		63B76B781964357F0025009D /* NSObject */ = {
			isa = PBXGroup;
			children = (
				63EF8BF3196161280053E7BE /* metamacros.h */,
				63EF8BF2196161280053E7BE /* keypath.h */,
				63EF8BF4196161280053E7BE /* MTKObserver.h */,
				63EF8BF5196161280053E7BE /* MTKObserver.m */,
				63EF8BF6196161280053E7BE /* MTKObserving.h */,
				63EF8BF7196161280053E7BE /* MTKObservingMacros.h */,
				63EF8BF8196161280053E7BE /* NSObject+MTKObserving.h */,
				63EF8BF9196161280053E7BE /* NSObject+MTKObserving.m */,
				63EF8BFE196161280053E7BE /* scope.h */,
			);
			name = NSObject;
			sourceTree = "<group>";
		};
		63B76B79196436140025009D /* OtherCategories */ = {
			isa = PBXGroup;
			children = (
				63EF8AAE19614F2D0053E7BE /* Lyt */,
				63EF8BD919615E910053E7BE /* MKMapView */,
				63EF8BA719615CCE0053E7BE /* NSDate */,
				63EF8BDD19615ECB0053E7BE /* NSDictionary */,
				63EF8BE119615F3B0053E7BE /* NSException */,
				63EF8BE519615FD70053E7BE /* NSFileManager */,
				63EF8BE91961605D0053E7BE /* NSManagedObjectContext */,
				63EF8BED1961609C0053E7BE /* NSMutableArray */,
				63EF8BF1196161280053E7BE /* NSObject */,
				63EF8C041961616D0053E7BE /* NSSet */,
				63EF8AC619614F2D0053E7BE /* NSString */,
				63EF8C08196161AE0053E7BE /* NSURL */,
				63EF8C0C196161F10053E7BE /* NSUUID */,
				63EF8C1B196162C20053E7BE /* UIApplication */,
				63EF8C1F196163060053E7BE /* UIColor */,
				63EF8C2F196163AB0053E7BE /* UIDevice */,
				63EF8C331961643B0053E7BE /* UIImage */,
				63EF8C49196164C10053E7BE /* UITabBarController */,
				63EF8C51196165320053E7BE /* UIView */,
				63EF8C7719616A110053E7BE /* UIViewController */,
				63EF8C8D1961815E0053E7BE /* UIWebView */,
			);
			name = OtherCategories;
			sourceTree = "<group>";
		};
		63BF8C62195D553600E703D2 = {
			isa = PBXGroup;
			children = (
				63EF8A9A19614F2D0053E7BE /* CategoriesExtension */,
				63BF8C6D195D553600E703D2 /* Frameworks */,
				63BF8C6C195D553600E703D2 /* Products */,
			);
			sourceTree = "<group>";
		};
		63BF8C6C195D553600E703D2 /* Products */ = {
			isa = PBXGroup;
			children = (
				63BF8C6B195D553600E703D2 /* CategoriesExtension.app */,
			);
			name = Products;
			sourceTree = "<group>";
		};
		63BF8C6D195D553600E703D2 /* Frameworks */ = {
			isa = PBXGroup;
			children = (
				63BF8C6E195D553600E703D2 /* Foundation.framework */,
				63BF8C70195D553600E703D2 /* CoreGraphics.framework */,
				63BF8C72195D553600E703D2 /* UIKit.framework */,
				63BF8C87195D553700E703D2 /* XCTest.framework */,
			);
			name = Frameworks;
			sourceTree = "<group>";
		};
		63EF8A9A19614F2D0053E7BE /* CategoriesExtension */ = {
			isa = PBXGroup;
			children = (
				63EF8C99196182290053E7BE /* CategoriesExtension.h */,
				63EF8AF819614F2D0053E7BE /* PHAppDelegate.h */,
				63EF8AF919614F2D0053E7BE /* PHAppDelegate.m */,
				63EF8AAD19614F2D0053E7BE /* Images.xcassets */,
				63B76B73196433610025009D /* BlocksCategories */,
				63B76B79196436140025009D /* OtherCategories */,
				63EF8BA1196156E40053E7BE /* Supporting Files */,
			);
			path = CategoriesExtension;
			sourceTree = "<group>";
		};
		63EF8AAE19614F2D0053E7BE /* Lyt */ = {
			isa = PBXGroup;
			children = (
				63EF8AAF19614F2D0053E7BE /* Lyt.h */,
				63EF8AB019614F2D0053E7BE /* Lyt.m */,
			);
			path = Lyt;
			sourceTree = "<group>";
		};
		63EF8AC619614F2D0053E7BE /* NSString */ = {
			isa = PBXGroup;
			children = (
				63B76B70196432950025009D /* md5.h */,
				63B76B71196432950025009D /* md5.m */,
				63EF8BD619615E090053E7BE /* NSString+Color.h */,
				63EF8BD719615E090053E7BE /* NSString+Color.m */,
				63EF8BCD19615CF10053E7BE /* NSString+Encode.h */,
				63EF8BCE19615CF10053E7BE /* NSString+Encode.m */,
				63EF8BCF19615CF10053E7BE /* NSStringX.h */,
				63EF8BD019615CF10053E7BE /* NSStringX.m */,
				63EF8AC719614F2D0053E7BE /* NSString+Validator.h */,
				63EF8AC819614F2D0053E7BE /* NSString+Validator.m */,
			);
			path = NSString;
			sourceTree = "<group>";
		};
		63EF8BA1196156E40053E7BE /* Supporting Files */ = {
			isa = PBXGroup;
			children = (
				63EF8AAB19614F2D0053E7BE /* InfoPlist.strings */,
				63EF8BA2196156E40053E7BE /* CategoriesExtension-Info.plist */,
				63EF8BA3196156E40053E7BE /* CategoriesExtension-Prefix.pch */,
				63EF8BA4196156E40053E7BE /* main.m */,
			);
			path = "Supporting Files";
			sourceTree = "<group>";
		};
		63EF8BA719615CCE0053E7BE /* NSDate */ = {
			isa = PBXGroup;
			children = (
				63EF8BA919615CCE0053E7BE /* NSDate+Compare.h */,
				63EF8BAA19615CCE0053E7BE /* NSDate+Compare.m */,
				63EF8BAB19615CCE0053E7BE /* NSDate+Components.h */,
				63EF8BAC19615CCE0053E7BE /* NSDate+Components.m */,
				63EF8BAD19615CCE0053E7BE /* NSDate+CupertinoYankee.h */,
				63EF8BAE19615CCE0053E7BE /* NSDate+CupertinoYankee.m */,
				63EF8BAF19615CCE0053E7BE /* NSDate+DateTime.h */,
				63EF8BB019615CCE0053E7BE /* NSDate+DateTime.m */,
				63EF8BB119615CCE0053E7BE /* NSDate+Day.h */,
				63EF8BB219615CCE0053E7BE /* NSDate+Day.m */,
				63EF8BB319615CCE0053E7BE /* NSDate+Month.h */,
				63EF8BB419615CCE0053E7BE /* NSDate+Month.m */,
				63EF8BB519615CCE0053E7BE /* NSDate+Time.h */,
				63EF8BB619615CCE0053E7BE /* NSDate+Time.m */,
				63EF8BB719615CCE0053E7BE /* NSDate+Week.h */,
				63EF8BB819615CCE0053E7BE /* NSDate+Week.m */,
				63EF8BB919615CCE0053E7BE /* NSDate+Year.h */,
				63EF8BBA19615CCE0053E7BE /* NSDate+Year.m */,
				63EF8BBB19615CCE0053E7BE /* NSDateX.h */,
				63EF8BBC19615CCE0053E7BE /* NSDateX.m */,
			);
			path = NSDate;
			sourceTree = "<group>";
		};
		63EF8BD919615E910053E7BE /* MKMapView */ = {
			isa = PBXGroup;
			children = (
				63EF8BDA19615E910053E7BE /* MKMapViewX.h */,
				63EF8BDB19615E910053E7BE /* MKMapViewX.m */,
			);
			path = MKMapView;
			sourceTree = "<group>";
		};
		63EF8BDD19615ECB0053E7BE /* NSDictionary */ = {
			isa = PBXGroup;
			children = (
				63EF8BDE19615ECB0053E7BE /* NSDictionaryX.h */,
				63EF8BDF19615ECB0053E7BE /* NSDictionaryX.m */,
			);
			path = NSDictionary;
			sourceTree = "<group>";
		};
		63EF8BE119615F3B0053E7BE /* NSException */ = {
			isa = PBXGroup;
			children = (
				63EF8BE219615F3B0053E7BE /* NSExceptionX.h */,
				63EF8BE319615F3B0053E7BE /* NSExceptionX.m */,
			);
			path = NSException;
			sourceTree = "<group>";
		};
		63EF8BE519615FD70053E7BE /* NSFileManager */ = {
			isa = PBXGroup;
			children = (
				63EF8BE619615FD70053E7BE /* NSFileManagerX.h */,
				63EF8BE719615FD70053E7BE /* NSFileManagerX.m */,
			);
			path = NSFileManager;
			sourceTree = "<group>";
		};
		63EF8BE91961605D0053E7BE /* NSManagedObjectContext */ = {
			isa = PBXGroup;
			children = (
				63EF8BEA1961605D0053E7BE /* NSManagedObjectContextX.h */,
				63EF8BEB1961605D0053E7BE /* NSManagedObjectContextX.m */,
			);
			path = NSManagedObjectContext;
			sourceTree = "<group>";
		};
		63EF8BED1961609C0053E7BE /* NSMutableArray */ = {
			isa = PBXGroup;
			children = (
				63EF8BEE1961609C0053E7BE /* NSMutableArrayX.h */,
				63EF8BEF1961609C0053E7BE /* NSMutableArrayX.m */,
			);
			path = NSMutableArray;
			sourceTree = "<group>";
		};
		63EF8BF1196161280053E7BE /* NSObject */ = {
			isa = PBXGroup;
			children = (
				63EF8BFA196161280053E7BE /* NSObject+SHObjectUserInfo.h */,
				63EF8BFB196161280053E7BE /* NSObject+SHObjectUserInfo.m */,
				63EF8BFC196161280053E7BE /* NSObjectX.h */,
				63EF8BFD196161280053E7BE /* NSObjectX.m */,
			);
			path = NSObject;
			sourceTree = "<group>";
		};
		63EF8C041961616D0053E7BE /* NSSet */ = {
			isa = PBXGroup;
			children = (
				63EF8C051961616D0053E7BE /* NSSetX.h */,
				63EF8C061961616D0053E7BE /* NSSetX.m */,
			);
			path = NSSet;
			sourceTree = "<group>";
		};
		63EF8C08196161AE0053E7BE /* NSURL */ = {
			isa = PBXGroup;
			children = (
				63EF8C09196161AE0053E7BE /* NSURLX.h */,
				63EF8C0A196161AE0053E7BE /* NSURLX.m */,
			);
			path = NSURL;
			sourceTree = "<group>";
		};
		63EF8C0C196161F10053E7BE /* NSUUID */ = {
			isa = PBXGroup;
			children = (
				63EF8C0D196161F10053E7BE /* NSUUIDX.h */,
				63EF8C0E196161F10053E7BE /* NSUUIDX.m */,
			);
			path = NSUUID;
			sourceTree = "<group>";
		};
		63EF8C10196162830053E7BE /* UIAlertView */ = {
			isa = PBXGroup;
			children = (
				63EF8C12196162830053E7BE /* UIAlertView+Blocks.h */,
				63EF8C13196162830053E7BE /* UIAlertView+Blocks.m */,
				63EF8C14196162830053E7BE /* UIAlertView+SHAlertViewBlocks.h */,
				63EF8C15196162830053E7BE /* UIAlertView+SHAlertViewBlocks.m */,
				63EF8C16196162830053E7BE /* UIAlertViewX.h */,
				63EF8C17196162830053E7BE /* UIAlertViewX.m */,
			);
			path = UIAlertView;
			sourceTree = "<group>";
		};
		63EF8C1B196162C20053E7BE /* UIApplication */ = {
			isa = PBXGroup;
			children = (
				63EF8C1C196162C20053E7BE /* UIApplicationX.h */,
				63EF8C1D196162C20053E7BE /* UIApplicationX.m */,
			);
			path = UIApplication;
			sourceTree = "<group>";
		};
		63EF8C1F196163060053E7BE /* UIColor */ = {
			isa = PBXGroup;
			children = (
				63EF8C20196163060053E7BE /* UIColor+Components.h */,
				63EF8C21196163060053E7BE /* UIColor+Components.m */,
				63EF8C22196163060053E7BE /* UIColor+Hex.h */,
				63EF8C23196163060053E7BE /* UIColor+Hex.m */,
				63EF8C24196163060053E7BE /* UIColor+Modify.h */,
				63EF8C25196163060053E7BE /* UIColor+Modify.m */,
				63EF8C26196163060053E7BE /* UIColorX.h */,
				63EF8C27196163060053E7BE /* UIColorX.m */,
			);
			path = UIColor;
			sourceTree = "<group>";
		};
		63EF8C2F196163AB0053E7BE /* UIDevice */ = {
			isa = PBXGroup;
			children = (
				63EF8C30196163AB0053E7BE /* UIDeviceX.h */,
				63EF8C31196163AB0053E7BE /* UIDeviceX.m */,
			);
			path = UIDevice;
			sourceTree = "<group>";
		};
		63EF8C331961643B0053E7BE /* UIImage */ = {
			isa = PBXGroup;
			children = (
				63EF8C341961643B0053E7BE /* UIImage+AnimatedGIF.h */,
				63EF8C351961643B0053E7BE /* UIImage+AnimatedGIF.m */,
				63EF8C361961643B0053E7BE /* UIImage+Extension.h */,
				63EF8C371961643B0053E7BE /* UIImage+Extension.m */,
				63EF8C381961643B0053E7BE /* UIImage+ImageEffects.h */,
				63EF8C391961643B0053E7BE /* UIImage+ImageEffects.m */,
				63EF8C3A1961643B0053E7BE /* UIImage+ImageWithColor.h */,
				63EF8C3B1961643B0053E7BE /* UIImage+ImageWithColor.m */,
				63EF8C3C1961643B0053E7BE /* UIImage+Scale.h */,
				63EF8C3D1961643B0053E7BE /* UIImage+Scale.m */,
				63EF8C3E1961643B0053E7BE /* UIImage+UIColor.h */,
				63EF8C3F1961643B0053E7BE /* UIImage+UIColor.m */,
				63EF8C401961643B0053E7BE /* UIImageX.h */,
				63EF8C411961643B0053E7BE /* UIImageX.m */,
			);
			path = UIImage;
			sourceTree = "<group>";
		};
		63EF8C49196164C10053E7BE /* UITabBarController */ = {
			isa = PBXGroup;
			children = (
				63EF8C4D196164C10053E7BE /* UITabBarControllerX.h */,
				63EF8C4E196164C10053E7BE /* UITabBarControllerX.m */,
			);
			path = UITabBarController;
			sourceTree = "<group>";
		};
		63EF8C51196165320053E7BE /* UIView */ = {
			isa = PBXGroup;
			children = (
				63EF8C52196165320053E7BE /* UIView+AnimationExtensions.h */,
				63EF8C53196165320053E7BE /* UIView+AnimationExtensions.m */,
				63EF8C54196165320053E7BE /* UIView+Geometry.h */,
				63EF8C55196165320053E7BE /* UIView+Geometry.m */,
				63EF8C56196165320053E7BE /* UIViewX.h */,
				63EF8C57196165320053E7BE /* UIViewX.m */,
			);
			path = UIView;
			sourceTree = "<group>";
		};
		63EF8C5B196168C10053E7BE /* UIActionSheet */ = {
			isa = PBXGroup;
			children = (
				63EF8C5D196168C10053E7BE /* UIActionSheet+Blocks.h */,
				63EF8C5E196168C10053E7BE /* UIActionSheet+Blocks.m */,
				63EF8C5F196168C10053E7BE /* UIActionSheet+SHActionSheetBlocks.h */,
				63EF8C60196168C10053E7BE /* UIActionSheet+SHActionSheetBlocks.m */,
			);
			path = UIActionSheet;
			sourceTree = "<group>";
		};
		63EF8C63196168F10053E7BE /* UIBarButtonItem */ = {
			isa = PBXGroup;
			children = (
				63EF8C65196168F10053E7BE /* UIBarButtonItem+SHBarButtonItemBlocks.h */,
				63EF8C66196168F10053E7BE /* UIBarButtonItem+SHBarButtonItemBlocks.m */,
			);
			path = UIBarButtonItem;
			sourceTree = "<group>";
		};
		63EF8C681961692D0053E7BE /* UIControl */ = {
			isa = PBXGroup;
			children = (
				63EF8C6A1961692D0053E7BE /* UIControl+SHControlBlocks.h */,
				63EF8C6B1961692D0053E7BE /* UIControl+SHControlBlocks.m */,
			);
			path = UIControl;
			sourceTree = "<group>";
		};
		63EF8C6D196169660053E7BE /* UIGestureRecognizer */ = {
			isa = PBXGroup;
			children = (
				63EF8C6F196169660053E7BE /* UIGestureRecognizer+SHGestureRecognizerBlocks.h */,
				63EF8C70196169660053E7BE /* UIGestureRecognizer+SHGestureRecognizerBlocks.m */,
			);
			path = UIGestureRecognizer;
			sourceTree = "<group>";
		};
		63EF8C721961699F0053E7BE /* UINavigationController */ = {
			isa = PBXGroup;
			children = (
				63EF8C741961699F0053E7BE /* UINavigationController+SHNavigationControllerBlocks.h */,
				63EF8C751961699F0053E7BE /* UINavigationController+SHNavigationControllerBlocks.m */,
			);
			path = UINavigationController;
			sourceTree = "<group>";
		};
		63EF8C7719616A110053E7BE /* UIViewController */ = {
			isa = PBXGroup;
			children = (
			);
			path = UIViewController;
			sourceTree = "<group>";
		};
		63EF8C80196180940053E7BE /* UITextField */ = {
			isa = PBXGroup;
			children = (
				63EF8C84196180940053E7BE /* UITextField+SHTextFieldBlocks.h */,
				63EF8C85196180940053E7BE /* UITextField+SHTextFieldBlocks.m */,
			);
			path = UITextField;
			sourceTree = "<group>";
		};
		63EF8C88196180CF0053E7BE /* UITextView */ = {
			isa = PBXGroup;
			children = (
				63EF8C8A196180CF0053E7BE /* UITextView+SHTextViewBlocks.h */,
				63EF8C8B196180CF0053E7BE /* UITextView+SHTextViewBlocks.m */,
			);
			path = UITextView;
			sourceTree = "<group>";
		};
		63EF8C8D1961815E0053E7BE /* UIWebView */ = {
			isa = PBXGroup;
			children = (
				63EF8C911961815E0053E7BE /* UIWebViewX.h */,
				63EF8C921961815E0053E7BE /* UIWebViewX.m */,
			);
			path = UIWebView;
			sourceTree = "<group>";
		};
		63EF8C95196181E40053E7BE /* UISearchBar */ = {
			isa = PBXGroup;
			children = (
				63EF8C96196181E40053E7BE /* UISearchBar+Blocks.h */,
				63EF8C97196181E40053E7BE /* UISearchBar+Blocks.m */,
			);
			path = UISearchBar;
			sourceTree = "<group>";
		};
/* End PBXGroup section */

/* Begin PBXNativeTarget section */
		63BF8C6A195D553600E703D2 /* CategoriesExtension */ = {
			isa = PBXNativeTarget;
			buildConfigurationList = 63BF8C97195D553800E703D2 /* Build configuration list for PBXNativeTarget "CategoriesExtension" */;
			buildPhases = (
				63BF8C67195D553600E703D2 /* Sources */,
				63BF8C68195D553600E703D2 /* Frameworks */,
				63BF8C69195D553600E703D2 /* Resources */,
			);
			buildRules = (
			);
			dependencies = (
			);
			name = CategoriesExtension;
			productName = CategoriesTest;
			productReference = 63BF8C6B195D553600E703D2 /* CategoriesExtension.app */;
			productType = "com.apple.product-type.application";
		};
/* End PBXNativeTarget section */

/* Begin PBXProject section */
		63BF8C63195D553600E703D2 /* Project object */ = {
			isa = PBXProject;
			attributes = {
				CLASSPREFIX = PH;
				LastUpgradeCheck = 0510;
				ORGANIZATIONNAME = massinteractiveserviceslimited;
			};
			buildConfigurationList = 63BF8C66195D553600E703D2 /* Build configuration list for PBXProject "CategoriesExtension" */;
			compatibilityVersion = "Xcode 3.2";
			developmentRegion = English;
			hasScannedForEncodings = 0;
			knownRegions = (
				en,
			);
			mainGroup = 63BF8C62195D553600E703D2;
			productRefGroup = 63BF8C6C195D553600E703D2 /* Products */;
			projectDirPath = "";
			projectRoot = "";
			targets = (
				63BF8C6A195D553600E703D2 /* CategoriesExtension */,
			);
		};
/* End PBXProject section */

/* Begin PBXResourcesBuildPhase section */
		63BF8C69195D553600E703D2 /* Resources */ = {
			isa = PBXResourcesBuildPhase;
			buildActionMask = 2147483647;
			files = (
				63EF8B5A19614F2D0053E7BE /* Images.xcassets in Resources */,
				63EF8B5919614F2D0053E7BE /* InfoPlist.strings in Resources */,
			);
			runOnlyForDeploymentPostprocessing = 0;
		};
/* End PBXResourcesBuildPhase section */

/* Begin PBXSourcesBuildPhase section */
		63BF8C67195D553600E703D2 /* Sources */ = {
			isa = PBXSourcesBuildPhase;
			buildActionMask = 2147483647;
			files = (
				63B76B72196432950025009D /* md5.m in Sources */,
				63EF8C59196165320053E7BE /* UIView+Geometry.m in Sources */,
				63EF8C61196168C10053E7BE /* UIActionSheet+Blocks.m in Sources */,
				63EF8BE419615F3B0053E7BE /* NSExceptionX.m in Sources */,
				63EF8C67196168F10053E7BE /* UIBarButtonItem+SHBarButtonItemBlocks.m in Sources */,
				63EF8C481961643B0053E7BE /* UIImageX.m in Sources */,
				63EF8BC019615CCE0053E7BE /* NSDate+DateTime.m in Sources */,
				63EF8C0B196161AE0053E7BE /* NSURLX.m in Sources */,
				63EF8C2B196163060053E7BE /* UIColor+Hex.m in Sources */,
				63EF8BC519615CCE0053E7BE /* NSDate+Year.m in Sources */,
				63EF8BBE19615CCE0053E7BE /* NSDate+Components.m in Sources */,
				63EF8C0F196161F10053E7BE /* NSUUIDX.m in Sources */,
				63EF8C5A196165320053E7BE /* UIViewX.m in Sources */,
				63EF8C19196162830053E7BE /* UIAlertView+SHAlertViewBlocks.m in Sources */,
				63EF8C87196180940053E7BE /* UITextField+SHTextFieldBlocks.m in Sources */,
				63EF8BE019615ECB0053E7BE /* NSDictionaryX.m in Sources */,
				63EF8C02196161280053E7BE /* NSObject+SHObjectUserInfo.m in Sources */,
				63EF8BD119615CF10053E7BE /* NSString+Encode.m in Sources */,
				63EF8C98196181E40053E7BE /* UISearchBar+Blocks.m in Sources */,
				63EF8BE819615FD70053E7BE /* NSFileManagerX.m in Sources */,
				63EF8C01196161280053E7BE /* NSObject+MTKObserving.m in Sources */,
				63EF8BBD19615CCE0053E7BE /* NSDate+Compare.m in Sources */,
				63EF8C421961643B0053E7BE /* UIImage+AnimatedGIF.m in Sources */,
				63EF8BA6196156E40053E7BE /* main.m in Sources */,
				63EF8B6619614F2D0053E7BE /* NSString+Validator.m in Sources */,
				63EF8C2C196163060053E7BE /* UIColor+Modify.m in Sources */,
				63EF8C7E19616A110053E7BE /* UIViewController+SHSegueBlocks.m in Sources */,
				63EF8C00196161280053E7BE /* MTKObserver.m in Sources */,
				63EF8C62196168C10053E7BE /* UIActionSheet+SHActionSheetBlocks.m in Sources */,
				63EF8BBF19615CCE0053E7BE /* NSDate+CupertinoYankee.m in Sources */,
				63EF8B5B19614F2D0053E7BE /* Lyt.m in Sources */,
				63EF8C32196163AB0053E7BE /* UIDeviceX.m in Sources */,
				63EF8C931961815E0053E7BE /* UIWebView+SHWebViewBlocks.m in Sources */,
				63EF8C071961616D0053E7BE /* NSSetX.m in Sources */,
				63EF8C2A196163060053E7BE /* UIColor+Components.m in Sources */,
				63EF8BC619615CCE0053E7BE /* NSDateX.m in Sources */,
				63EF8C451961643B0053E7BE /* UIImage+ImageWithColor.m in Sources */,
				63EF8B7D19614F2D0053E7BE /* PHAppDelegate.m in Sources */,
				63EF8BD819615E090053E7BE /* NSString+Color.m in Sources */,
				63EF8BD219615CF10053E7BE /* NSStringX.m in Sources */,
				63EF8C18196162830053E7BE /* UIAlertView+Blocks.m in Sources */,
				63EF8BDC19615E910053E7BE /* MKMapViewX.m in Sources */,
				63EF8C58196165320053E7BE /* UIView+AnimationExtensions.m in Sources */,
				63EF8C03196161280053E7BE /* NSObjectX.m in Sources */,
				63EF8BEC1961605D0053E7BE /* NSManagedObjectContextX.m in Sources */,
				63EF8C941961815E0053E7BE /* UIWebViewX.m in Sources */,
				63EF8C7F19616A110053E7BE /* UIViewController+SHTransitionBlocks.m in Sources */,
				63EF8BF01961609C0053E7BE /* NSMutableArrayX.m in Sources */,
				63EF8C1A196162830053E7BE /* UIAlertViewX.m in Sources */,
				63EF8C2D196163060053E7BE /* UIColorX.m in Sources */,
				63EF8BC119615CCE0053E7BE /* NSDate+Day.m in Sources */,
				63EF8C1E196162C20053E7BE /* UIApplicationX.m in Sources */,
				63EF8C50196164C10053E7BE /* UITabBarControllerX.m in Sources */,
				63EF8BC319615CCE0053E7BE /* NSDate+Time.m in Sources */,
				63EF8C4F196164C10053E7BE /* UITabBarController+SHTabBarControllerBlocks.m in Sources */,
				63EF8C431961643B0053E7BE /* UIImage+Extension.m in Sources */,
				63EF8C471961643B0053E7BE /* UIImage+UIColor.m in Sources */,
				63EF8C6C1961692D0053E7BE /* UIControl+SHControlBlocks.m in Sources */,
				63EF8C71196169660053E7BE /* UIGestureRecognizer+SHGestureRecognizerBlocks.m in Sources */,
				63EF8C761961699F0053E7BE /* UINavigationController+SHNavigationControllerBlocks.m in Sources */,
				63EF8C8C196180CF0053E7BE /* UITextView+SHTextViewBlocks.m in Sources */,
				63EF8C441961643B0053E7BE /* UIImage+ImageEffects.m in Sources */,
				63EF8BC419615CCE0053E7BE /* NSDate+Week.m in Sources */,
				63EF8C461961643B0053E7BE /* UIImage+Scale.m in Sources */,
				63EF8BC219615CCE0053E7BE /* NSDate+Month.m in Sources */,
			);
			runOnlyForDeploymentPostprocessing = 0;
		};
/* End PBXSourcesBuildPhase section */

/* Begin PBXVariantGroup section */
		63EF8AAB19614F2D0053E7BE /* InfoPlist.strings */ = {
			isa = PBXVariantGroup;
			children = (
				63EF8AAC19614F2D0053E7BE /* en */,
			);
			name = InfoPlist.strings;
			path = ..;
			sourceTree = "<group>";
		};
/* End PBXVariantGroup section */

/* Begin XCBuildConfiguration section */
		63BF8C95195D553800E703D2 /* Debug */ = {
			isa = XCBuildConfiguration;
			buildSettings = {
				ALWAYS_SEARCH_USER_PATHS = NO;
				CLANG_CXX_LANGUAGE_STANDARD = "gnu++0x";
				CLANG_CXX_LIBRARY = "libc++";
				CLANG_ENABLE_MODULES = YES;
				CLANG_ENABLE_OBJC_ARC = YES;
				CLANG_WARN_BOOL_CONVERSION = YES;
				CLANG_WARN_CONSTANT_CONVERSION = YES;
				CLANG_WARN_DIRECT_OBJC_ISA_USAGE = YES_ERROR;
				CLANG_WARN_EMPTY_BODY = YES;
				CLANG_WARN_ENUM_CONVERSION = YES;
				CLANG_WARN_INT_CONVERSION = YES;
				CLANG_WARN_OBJC_ROOT_CLASS = YES_ERROR;
				CLANG_WARN__DUPLICATE_METHOD_MATCH = YES;
				"CODE_SIGN_IDENTITY[sdk=iphoneos*]" = "iPhone Developer";
				COPY_PHASE_STRIP = NO;
				GCC_C_LANGUAGE_STANDARD = gnu99;
				GCC_DYNAMIC_NO_PIC = NO;
				GCC_OPTIMIZATION_LEVEL = 0;
				GCC_PREPROCESSOR_DEFINITIONS = (
					"DEBUG=1",
					"$(inherited)",
				);
				GCC_SYMBOLS_PRIVATE_EXTERN = NO;
				GCC_WARN_64_TO_32_BIT_CONVERSION = YES;
				GCC_WARN_ABOUT_RETURN_TYPE = YES_ERROR;
				GCC_WARN_UNDECLARED_SELECTOR = YES;
				GCC_WARN_UNINITIALIZED_AUTOS = YES_AGGRESSIVE;
				GCC_WARN_UNUSED_FUNCTION = YES;
				GCC_WARN_UNUSED_VARIABLE = YES;
				IPHONEOS_DEPLOYMENT_TARGET = 7.1;
				ONLY_ACTIVE_ARCH = YES;
				SDKROOT = iphoneos;
			};
			name = Debug;
		};
		63BF8C96195D553800E703D2 /* Release */ = {
			isa = XCBuildConfiguration;
			buildSettings = {
				ALWAYS_SEARCH_USER_PATHS = NO;
				CLANG_CXX_LANGUAGE_STANDARD = "gnu++0x";
				CLANG_CXX_LIBRARY = "libc++";
				CLANG_ENABLE_MODULES = YES;
				CLANG_ENABLE_OBJC_ARC = YES;
				CLANG_WARN_BOOL_CONVERSION = YES;
				CLANG_WARN_CONSTANT_CONVERSION = YES;
				CLANG_WARN_DIRECT_OBJC_ISA_USAGE = YES_ERROR;
				CLANG_WARN_EMPTY_BODY = YES;
				CLANG_WARN_ENUM_CONVERSION = YES;
				CLANG_WARN_INT_CONVERSION = YES;
				CLANG_WARN_OBJC_ROOT_CLASS = YES_ERROR;
				CLANG_WARN__DUPLICATE_METHOD_MATCH = YES;
				"CODE_SIGN_IDENTITY[sdk=iphoneos*]" = "iPhone Developer";
				COPY_PHASE_STRIP = YES;
				ENABLE_NS_ASSERTIONS = NO;
				GCC_C_LANGUAGE_STANDARD = gnu99;
				GCC_WARN_64_TO_32_BIT_CONVERSION = YES;
				GCC_WARN_ABOUT_RETURN_TYPE = YES_ERROR;
				GCC_WARN_UNDECLARED_SELECTOR = YES;
				GCC_WARN_UNINITIALIZED_AUTOS = YES_AGGRESSIVE;
				GCC_WARN_UNUSED_FUNCTION = YES;
				GCC_WARN_UNUSED_VARIABLE = YES;
				IPHONEOS_DEPLOYMENT_TARGET = 7.1;
				SDKROOT = iphoneos;
				VALIDATE_PRODUCT = YES;
			};
			name = Release;
		};
		63BF8C98195D553800E703D2 /* Debug */ = {
			isa = XCBuildConfiguration;
			buildSettings = {
				ASSETCATALOG_COMPILER_APPICON_NAME = AppIcon;
				ASSETCATALOG_COMPILER_LAUNCHIMAGE_NAME = LaunchImage;
				GCC_PRECOMPILE_PREFIX_HEADER = YES;
				GCC_PREFIX_HEADER = "CategoriesExtension/Supporting Files/CategoriesExtension-Prefix.pch";
				INFOPLIST_FILE = "$(SRCROOT)/CategoriesExtension/Supporting Files/CategoriesExtension-Info.plist";
				PRODUCT_NAME = CategoriesExtension;
				WRAPPER_EXTENSION = app;
			};
			name = Debug;
		};
		63BF8C99195D553800E703D2 /* Release */ = {
			isa = XCBuildConfiguration;
			buildSettings = {
				ASSETCATALOG_COMPILER_APPICON_NAME = AppIcon;
				ASSETCATALOG_COMPILER_LAUNCHIMAGE_NAME = LaunchImage;
				GCC_PRECOMPILE_PREFIX_HEADER = YES;
				GCC_PREFIX_HEADER = "CategoriesExtension/Supporting Files/CategoriesExtension-Prefix.pch";
				INFOPLIST_FILE = "$(SRCROOT)/CategoriesExtension/Supporting Files/CategoriesExtension-Info.plist";
				PRODUCT_NAME = CategoriesExtension;
				WRAPPER_EXTENSION = app;
			};
			name = Release;
		};
/* End XCBuildConfiguration section */

/* Begin XCConfigurationList section */
		63BF8C66195D553600E703D2 /* Build configuration list for PBXProject "CategoriesExtension" */ = {
			isa = XCConfigurationList;
			buildConfigurations = (
				63BF8C95195D553800E703D2 /* Debug */,
				63BF8C96195D553800E703D2 /* Release */,
			);
			defaultConfigurationIsVisible = 0;
			defaultConfigurationName = Release;
		};
		63BF8C97195D553800E703D2 /* Build configuration list for PBXNativeTarget "CategoriesExtension" */ = {
			isa = XCConfigurationList;
			buildConfigurations = (
				63BF8C98195D553800E703D2 /* Debug */,
				63BF8C99195D553800E703D2 /* Release */,
			);
			defaultConfigurationIsVisible = 0;
			defaultConfigurationName = Release;
		};
/* End XCConfigurationList section */
	};
	rootObject = 63BF8C63195D553600E703D2 /* Project object */;
}
